
Microsoft Visual Studio Solution File, Format Version 11.00
# Visual Studio 2010
Project("{FAE04EC0-301F-11D3-BF4B-00C04F79EFBC}") = "HelloCollectionView", "HelloCollectionView\HelloCollectionView.csproj", "{09F9F4D8-7718-48AB-A5BC-326A2158AE96}"
EndProject
Global
	GlobalSection(SolutionConfigurationPlatforms) = preSolution
		Debug|iPhoneSimulator = Debug|iPhoneSimulator
		Release|iPhoneSimulator = Release|iPhoneSimulator
		Debug|iPhone = Debug|iPhone
		Release|iPhone = Release|iPhone
		Ad-Hoc|iPhone = Ad-Hoc|iPhone
		AppStore|iPhone = AppStore|iPhone
	EndGlobalSection
	GlobalSection(ProjectConfigurationPlatforms) = postSolution
		{09F9F4D8-7718-48AB-A5BC-326A2158AE96}.Ad-Hoc|iPhone.ActiveCfg = Ad-Hoc|iPhone
		{09F9F4D8-7718-48AB-A5BC-326A2158AE96}.Ad-Hoc|iPhone.Build.0 = Ad-Hoc|iPhone
		{09F9F4D8-7718-48AB-A5BC-326A2158AE96}.AppStore|iPhone.ActiveCfg = AppStore|iPhone
		{09F9F4D8-7718-48AB-A5BC-326A2158AE96}.AppStore|iPhone.Build.0 = AppStore|iPhone
		{09F9F4D8-7718-48AB-A5BC-326A2158AE96}.Debug|iPhone.ActiveCfg = Debug|iPhone
		{09F9F4D8-7718-48AB-A5BC-326A2158AE96}.Debug|iPhone.Build.0 = Debug|iPhone
		{09F9F4D8-7718-48AB-A5BC-326A2158AE96}.Debug|iPhoneSimulator.ActiveCfg = Debug|iPhoneSimulator
		{09F9F4D8-7718-48AB-A5BC-326A2158AE96}.Debug|iPhoneSimulator.Build.0 = Debug|iPhoneSimulator
		{09F9F4D8-7718-48AB-A5BC-326A2158AE96}.Release|iPhone.ActiveCfg = Release|iPhone
		{09F9F4D8-7718-48AB-A5BC-326A2158AE96}.Release|iPhone.Build.0 = Release|iPhone
		{09F9F4D8-7718-48AB-A5BC-326A2158AE96}.Release|iPhoneSimulator.ActiveCfg = Release|iPhoneSimulator
		{09F9F4D8-7718-48AB-A5BC-326A2158AE96}.Release|iPhoneSimulator.Build.0 = Release|iPhoneSimulator
	EndGlobalSection
	GlobalSection(MonoDevelopProperties) = preSolution
		StartupItem = HelloCollectionView\HelloCollectionView.csproj
	EndGlobalSection
EndGlobal
